
Microsoft Visual Studio Solution File, Format Version 12.00
# Visual Studio 15
VisualStudioVersion = 15.0.28010.2048
MinimumVisualStudioVersion = 10.0.40219.1
Project("{FAE04EC0-301F-11D3-BF4B-00C04F79EFBC}") = "SystemOfSalesWeb", "SystemOfSalesWeb\SystemOfSalesWeb.csproj", "{598D1412-7633-4FC7-A4BD-D896A9998430}"
EndProject
Project("{FAE04EC0-301F-11D3-BF4B-00C04F79EFBC}") = "SystemOfSalesWeb.Tests", "SystemOfSalesWeb.Tests\SystemOfSalesWeb.Tests.csproj", "{3149D19B-F535-4329-AF0A-69E41B845ECD}"
EndProject
Project("{FAE04EC0-301F-11D3-BF4B-00C04F79EFBC}") = "BLL", "BLL\BLL.csproj", "{B67864BD-18A7-47DA-95EC-3742AC318ED2}"
EndProject
Project("{FAE04EC0-301F-11D3-BF4B-00C04F79EFBC}") = "DAL", "DAL\DAL.csproj", "{CCDCDFFE-3429-4A62-97D0-918581939070}"
EndProject
Project("{FAE04EC0-301F-11D3-BF4B-00C04F79EFBC}") = "Entities", "Entities\Entities.csproj", "{8E8364A2-1055-4563-ABAB-CCC83603477F}"
EndProject
Global
	GlobalSection(SolutionConfigurationPlatforms) = preSolution
		Debug|Any CPU = Debug|Any CPU
		Release|Any CPU = Release|Any CPU
	EndGlobalSection
	GlobalSection(ProjectConfigurationPlatforms) = postSolution
		{598D1412-7633-4FC7-A4BD-D896A9998430}.Debug|Any CPU.ActiveCfg = Debug|Any CPU
		{598D1412-7633-4FC7-A4BD-D896A9998430}.Debug|Any CPU.Build.0 = Debug|Any CPU
		{598D1412-7633-4FC7-A4BD-D896A9998430}.Release|Any CPU.ActiveCfg = Release|Any CPU
		{598D1412-7633-4FC7-A4BD-D896A9998430}.Release|Any CPU.Build.0 = Release|Any CPU
		{3149D19B-F535-4329-AF0A-69E41B845ECD}.Debug|Any CPU.ActiveCfg = Debug|Any CPU
		{3149D19B-F535-4329-AF0A-69E41B845ECD}.Debug|Any CPU.Build.0 = Debug|Any CPU
		{3149D19B-F535-4329-AF0A-69E41B845ECD}.Release|Any CPU.ActiveCfg = Release|Any CPU
		{3149D19B-F535-4329-AF0A-69E41B845ECD}.Release|Any CPU.Build.0 = Release|Any CPU
		{B67864BD-18A7-47DA-95EC-3742AC318ED2}.Debug|Any CPU.ActiveCfg = Debug|Any CPU
		{B67864BD-18A7-47DA-95EC-3742AC318ED2}.Debug|Any CPU.Build.0 = Debug|Any CPU
		{B67864BD-18A7-47DA-95EC-3742AC318ED2}.Release|Any CPU.ActiveCfg = Release|Any CPU
		{B67864BD-18A7-47DA-95EC-3742AC318ED2}.Release|Any CPU.Build.0 = Release|Any CPU
		{CCDCDFFE-3429-4A62-97D0-918581939070}.Debug|Any CPU.ActiveCfg = Debug|Any CPU
		{CCDCDFFE-3429-4A62-97D0-918581939070}.Debug|Any CPU.Build.0 = Debug|Any CPU
		{CCDCDFFE-3429-4A62-97D0-918581939070}.Release|Any CPU.ActiveCfg = Release|Any CPU
		{CCDCDFFE-3429-4A62-97D0-918581939070}.Release|Any CPU.Build.0 = Release|Any CPU
		{8E8364A2-1055-4563-ABAB-CCC83603477F}.Debug|Any CPU.ActiveCfg = Debug|Any CPU
		{8E8364A2-1055-4563-ABAB-CCC83603477F}.Debug|Any CPU.Build.0 = Debug|Any CPU
		{8E8364A2-1055-4563-ABAB-CCC83603477F}.Release|Any CPU.ActiveCfg = Release|Any CPU
		{8E8364A2-1055-4563-ABAB-CCC83603477F}.Release|Any CPU.Build.0 = Release|Any CPU
	EndGlobalSection
	GlobalSection(SolutionProperties) = preSolution
		HideSolutionNode = FALSE
	EndGlobalSection
	GlobalSection(ExtensibilityGlobals) = postSolution
		SolutionGuid = {E8EA893E-CDA6-4EF4-A757-9401A5A89A8C}
	EndGlobalSection
EndGlobal
